
Microsoft Visual Studio Solution File, Format Version 12.00
# Visual Studio Version 17
VisualStudioVersion = 17.0.32014.148
MinimumVisualStudioVersion = 10.0.40219.1
Project("{2150E333-8FDC-42A3-9474-1A3956D46DE8}") = "src", "src", "{527D2EFA-BA9D-443F-8063-60A9A6A3B671}"
EndProject
Project("{2150E333-8FDC-42A3-9474-1A3956D46DE8}") = "tests", "tests", "{9BAB4244-6740-4C4D-8658-01FDF0B33DF2}"
EndProject
Project("{9A19103F-16F7-4668-BE54-9A1E7A4F7556}") = "Api.Tests", "tests\App.Tests\Api.Tests.csproj", "{D689A94A-4854-4CF6-B34D-A0927662A280}"
EndProject
Project("{9A19103F-16F7-4668-BE54-9A1E7A4F7556}") = "_build", "build\_build.csproj", "{E5BBB647-F822-4FAB-80B8-AA9267EE8CEF}"
EndProject
Project("{2150E333-8FDC-42A3-9474-1A3956D46DE8}") = "build", "build", "{A735F6A2-6F3F-43B8-AE55-FE7E4D47646F}"
EndProject
Project("{9A19103F-16F7-4668-BE54-9A1E7A4F7556}") = "GrainInterfaces", "src\GrainInterfaces\GrainInterfaces.csproj", "{C8EEF616-61FD-4A3D-9C0F-AD06848D5F0A}"
EndProject
Project("{9A19103F-16F7-4668-BE54-9A1E7A4F7556}") = "Grains", "src\Grains\Grains.csproj", "{4B5EB7BA-B8CE-40E8-8A02-2797B1CC6E41}"
EndProject
Project("{9A19103F-16F7-4668-BE54-9A1E7A4F7556}") = "Silo", "src\Silo\Silo.csproj", "{88520DE2-FC29-4283-AA8B-4BD1F5572DA4}"
EndProject
Project("{9A19103F-16F7-4668-BE54-9A1E7A4F7556}") = "Module1", "src\Module1\Module1.csproj", "{87330ED7-ED16-428E-B6FA-33B33CDD0809}"
EndProject
Project("{9A19103F-16F7-4668-BE54-9A1E7A4F7556}") = "Module2", "src\Module2\Module2.csproj", "{E2791FD3-10A8-428D-AAD0-8B807B32BCB5}"
EndProject
Project("{9A19103F-16F7-4668-BE54-9A1E7A4F7556}") = "Module3", "src\Module3\Module3.csproj", "{F9C9EEF4-EC28-4111-A02C-0C1ECC5C2411}"
EndProject
Project("{9A19103F-16F7-4668-BE54-9A1E7A4F7556}") = "MultiTenantApplication", "src\MultiTenantApplication\MultiTenantApplication.csproj", "{E29C5F8B-8618-468C-9506-F48E43F7379F}"
EndProject
Project("{2150E333-8FDC-42A3-9474-1A3956D46DE8}") = "Api", "Api", "{67BB427E-BD13-48ED-A710-C3440AA574A1}"
EndProject
Project("{2150E333-8FDC-42A3-9474-1A3956D46DE8}") = "Domain", "Domain", "{B1DE844D-1F6C-4049-A33F-92C44E8DE9DD}"
EndProject
Project("{2150E333-8FDC-42A3-9474-1A3956D46DE8}") = "Solution Items", "Solution Items", "{4A0BD46B-5EAC-423B-B40E-9CB1A17D7A67}"
	ProjectSection(SolutionItems) = preProject
		build.cmd = build.cmd
		build.ps1 = build.ps1
		build.sh = build.sh
		GitVersion.yml = GitVersion.yml
		.editorconfig = .editorconfig
	EndProjectSection
EndProject
Project("{9A19103F-16F7-4668-BE54-9A1E7A4F7556}") = "ServiceRegistration", "src\ServiceRegistration\ServiceRegistration.csproj", "{DEBC4D94-BC0D-4B8F-B05E-7FD5F11E292A}"
EndProject
Global
	GlobalSection(SolutionConfigurationPlatforms) = preSolution
		Debug|Any CPU = Debug|Any CPU
		Release|Any CPU = Release|Any CPU
	EndGlobalSection
	GlobalSection(ProjectConfigurationPlatforms) = postSolution
		{D689A94A-4854-4CF6-B34D-A0927662A280}.Debug|Any CPU.ActiveCfg = Debug|Any CPU
		{D689A94A-4854-4CF6-B34D-A0927662A280}.Debug|Any CPU.Build.0 = Debug|Any CPU
		{D689A94A-4854-4CF6-B34D-A0927662A280}.Release|Any CPU.ActiveCfg = Release|Any CPU
		{D689A94A-4854-4CF6-B34D-A0927662A280}.Release|Any CPU.Build.0 = Release|Any CPU
		{E5BBB647-F822-4FAB-80B8-AA9267EE8CEF}.Debug|Any CPU.ActiveCfg = Debug|Any CPU
		{E5BBB647-F822-4FAB-80B8-AA9267EE8CEF}.Release|Any CPU.ActiveCfg = Release|Any CPU
		{C8EEF616-61FD-4A3D-9C0F-AD06848D5F0A}.Debug|Any CPU.ActiveCfg = Debug|Any CPU
		{C8EEF616-61FD-4A3D-9C0F-AD06848D5F0A}.Debug|Any CPU.Build.0 = Debug|Any CPU
		{C8EEF616-61FD-4A3D-9C0F-AD06848D5F0A}.Release|Any CPU.ActiveCfg = Release|Any CPU
		{C8EEF616-61FD-4A3D-9C0F-AD06848D5F0A}.Release|Any CPU.Build.0 = Release|Any CPU
		{4B5EB7BA-B8CE-40E8-8A02-2797B1CC6E41}.Debug|Any CPU.ActiveCfg = Debug|Any CPU
		{4B5EB7BA-B8CE-40E8-8A02-2797B1CC6E41}.Debug|Any CPU.Build.0 = Debug|Any CPU
		{4B5EB7BA-B8CE-40E8-8A02-2797B1CC6E41}.Release|Any CPU.ActiveCfg = Release|Any CPU
		{4B5EB7BA-B8CE-40E8-8A02-2797B1CC6E41}.Release|Any CPU.Build.0 = Release|Any CPU
		{88520DE2-FC29-4283-AA8B-4BD1F5572DA4}.Debug|Any CPU.ActiveCfg = Debug|Any CPU
		{88520DE2-FC29-4283-AA8B-4BD1F5572DA4}.Debug|Any CPU.Build.0 = Debug|Any CPU
		{88520DE2-FC29-4283-AA8B-4BD1F5572DA4}.Release|Any CPU.ActiveCfg = Release|Any CPU
		{88520DE2-FC29-4283-AA8B-4BD1F5572DA4}.Release|Any CPU.Build.0 = Release|Any CPU
		{87330ED7-ED16-428E-B6FA-33B33CDD0809}.Debug|Any CPU.ActiveCfg = Debug|Any CPU
		{87330ED7-ED16-428E-B6FA-33B33CDD0809}.Debug|Any CPU.Build.0 = Debug|Any CPU
		{87330ED7-ED16-428E-B6FA-33B33CDD0809}.Release|Any CPU.ActiveCfg = Release|Any CPU
		{87330ED7-ED16-428E-B6FA-33B33CDD0809}.Release|Any CPU.Build.0 = Release|Any CPU
		{E2791FD3-10A8-428D-AAD0-8B807B32BCB5}.Debug|Any CPU.ActiveCfg = Debug|Any CPU
		{E2791FD3-10A8-428D-AAD0-8B807B32BCB5}.Debug|Any CPU.Build.0 = Debug|Any CPU
		{E2791FD3-10A8-428D-AAD0-8B807B32BCB5}.Release|Any CPU.ActiveCfg = Release|Any CPU
		{E2791FD3-10A8-428D-AAD0-8B807B32BCB5}.Release|Any CPU.Build.0 = Release|Any CPU
		{F9C9EEF4-EC28-4111-A02C-0C1ECC5C2411}.Debug|Any CPU.ActiveCfg = Debug|Any CPU
		{F9C9EEF4-EC28-4111-A02C-0C1ECC5C2411}.Debug|Any CPU.Build.0 = Debug|Any CPU
		{F9C9EEF4-EC28-4111-A02C-0C1ECC5C2411}.Release|Any CPU.ActiveCfg = Release|Any CPU
		{F9C9EEF4-EC28-4111-A02C-0C1ECC5C2411}.Release|Any CPU.Build.0 = Release|Any CPU
		{E29C5F8B-8618-468C-9506-F48E43F7379F}.Debug|Any CPU.ActiveCfg = Debug|Any CPU
		{E29C5F8B-8618-468C-9506-F48E43F7379F}.Debug|Any CPU.Build.0 = Debug|Any CPU
		{E29C5F8B-8618-468C-9506-F48E43F7379F}.Release|Any CPU.ActiveCfg = Release|Any CPU
		{E29C5F8B-8618-468C-9506-F48E43F7379F}.Release|Any CPU.Build.0 = Release|Any CPU
		{DEBC4D94-BC0D-4B8F-B05E-7FD5F11E292A}.Debug|Any CPU.ActiveCfg = Debug|Any CPU
		{DEBC4D94-BC0D-4B8F-B05E-7FD5F11E292A}.Debug|Any CPU.Build.0 = Debug|Any CPU
		{DEBC4D94-BC0D-4B8F-B05E-7FD5F11E292A}.Release|Any CPU.ActiveCfg = Release|Any CPU
		{DEBC4D94-BC0D-4B8F-B05E-7FD5F11E292A}.Release|Any CPU.Build.0 = Release|Any CPU
	EndGlobalSection
	GlobalSection(SolutionProperties) = preSolution
		HideSolutionNode = FALSE
	EndGlobalSection
	GlobalSection(NestedProjects) = preSolution
		{D689A94A-4854-4CF6-B34D-A0927662A280} = {9BAB4244-6740-4C4D-8658-01FDF0B33DF2}
		{E5BBB647-F822-4FAB-80B8-AA9267EE8CEF} = {A735F6A2-6F3F-43B8-AE55-FE7E4D47646F}
		{C8EEF616-61FD-4A3D-9C0F-AD06848D5F0A} = {527D2EFA-BA9D-443F-8063-60A9A6A3B671}
		{4B5EB7BA-B8CE-40E8-8A02-2797B1CC6E41} = {B1DE844D-1F6C-4049-A33F-92C44E8DE9DD}
		{88520DE2-FC29-4283-AA8B-4BD1F5572DA4} = {B1DE844D-1F6C-4049-A33F-92C44E8DE9DD}
		{87330ED7-ED16-428E-B6FA-33B33CDD0809} = {67BB427E-BD13-48ED-A710-C3440AA574A1}
		{E2791FD3-10A8-428D-AAD0-8B807B32BCB5} = {67BB427E-BD13-48ED-A710-C3440AA574A1}
		{F9C9EEF4-EC28-4111-A02C-0C1ECC5C2411} = {67BB427E-BD13-48ED-A710-C3440AA574A1}
		{E29C5F8B-8618-468C-9506-F48E43F7379F} = {67BB427E-BD13-48ED-A710-C3440AA574A1}
		{67BB427E-BD13-48ED-A710-C3440AA574A1} = {527D2EFA-BA9D-443F-8063-60A9A6A3B671}
		{B1DE844D-1F6C-4049-A33F-92C44E8DE9DD} = {527D2EFA-BA9D-443F-8063-60A9A6A3B671}
		{DEBC4D94-BC0D-4B8F-B05E-7FD5F11E292A} = {527D2EFA-BA9D-443F-8063-60A9A6A3B671}
	EndGlobalSection
	GlobalSection(ExtensibilityGlobals) = postSolution
		SolutionGuid = {98E97B4F-BF5C-4FB0-AE7A-5B436BE40B82}
	EndGlobalSection
EndGlobal
